
Microsoft Visual Studio Solution File, Format Version 12.00
# Visual Studio Version 17
VisualStudioVersion = 17.8.34330.188
MinimumVisualStudioVersion = 10.0.40219.1
Project("{FAE04EC0-301F-11D3-BF4B-00C04F79EFBC}") = "ListaAPPCZW2", "ListaAPPCZW2\ListaAPPCZW2.csproj", "{DE154B47-8E18-4B54-BFB2-A64A68403117}"
EndProject
Global
	GlobalSection(SolutionConfigurationPlatforms) = preSolution
		Debug|Any CPU = Debug|Any CPU
		Release|Any CPU = Release|Any CPU
	EndGlobalSection
	GlobalSection(ProjectConfigurationPlatforms) = postSolution
		{DE154B47-8E18-4B54-BFB2-A64A68403117}.Debug|Any CPU.ActiveCfg = Debug|Any CPU
		{DE154B47-8E18-4B54-BFB2-A64A68403117}.Debug|Any CPU.Build.0 = Debug|Any CPU
		{DE154B47-8E18-4B54-BFB2-A64A68403117}.Release|Any CPU.ActiveCfg = Release|Any CPU
		{DE154B47-8E18-4B54-BFB2-A64A68403117}.Release|Any CPU.Build.0 = Release|Any CPU
	EndGlobalSection
	GlobalSection(SolutionProperties) = preSolution
		HideSolutionNode = FALSE
	EndGlobalSection
	GlobalSection(ExtensibilityGlobals) = postSolution
		SolutionGuid = {5FEBEB9C-C932-411E-B0C0-39C38D7803C6}
	EndGlobalSection
EndGlobal
