
Microsoft Visual Studio Solution File, Format Version 12.00
# Visual Studio Version 17
VisualStudioVersion = 17.8.34330.188
MinimumVisualStudioVersion = 10.0.40219.1
Project("{FAE04EC0-301F-11D3-BF4B-00C04F79EFBC}") = "ZapisDoPliku", "ZapisDoPliku\ZapisDoPliku.csproj", "{F03AC5A2-CFA0-404B-8F6D-AA53825C786E}"
EndProject
Global
	GlobalSection(SolutionConfigurationPlatforms) = preSolution
		Debug|Any CPU = Debug|Any CPU
		Release|Any CPU = Release|Any CPU
	EndGlobalSection
	GlobalSection(ProjectConfigurationPlatforms) = postSolution
		{F03AC5A2-CFA0-404B-8F6D-AA53825C786E}.Debug|Any CPU.ActiveCfg = Debug|Any CPU
		{F03AC5A2-CFA0-404B-8F6D-AA53825C786E}.Debug|Any CPU.Build.0 = Debug|Any CPU
		{F03AC5A2-CFA0-404B-8F6D-AA53825C786E}.Release|Any CPU.ActiveCfg = Release|Any CPU
		{F03AC5A2-CFA0-404B-8F6D-AA53825C786E}.Release|Any CPU.Build.0 = Release|Any CPU
	EndGlobalSection
	GlobalSection(SolutionProperties) = preSolution
		HideSolutionNode = FALSE
	EndGlobalSection
	GlobalSection(ExtensibilityGlobals) = postSolution
		SolutionGuid = {81C31E73-7368-4A6B-BAA0-CF1B1DC30BFA}
	EndGlobalSection
EndGlobal
